
Microsoft Visual Studio Solution File, Format Version 12.00
# Visual Studio Version 17
VisualStudioVersion = 17.14.37531.7 d17.14
MinimumVisualStudioVersion = 10.0.40219.1
Project("{FAE04EC0-301F-11D3-BF4B-00C04F79EFBC}") = "Creacion_Objetos", "Creacion_Objetos.csproj", "{4EA99F0C-1FDF-4DD4-8F88-97E34F4BF807}"
EndProject
Global
	GlobalSection(SolutionConfigurationPlatforms) = preSolution
		Debug|Any CPU = Debug|Any CPU
		Release|Any CPU = Release|Any CPU
	EndGlobalSection
	GlobalSection(ProjectConfigurationPlatforms) = postSolution
		{4EA99F0C-1FDF-4DD4-8F88-97E34F4BF807}.Debug|Any CPU.ActiveCfg = Debug|Any CPU
		{4EA99F0C-1FDF-4DD4-8F88-97E34F4BF807}.Debug|Any CPU.Build.0 = Debug|Any CPU
		{4EA99F0C-1FDF-4DD4-8F88-97E34F4BF807}.Release|Any CPU.ActiveCfg = Release|Any CPU
		{4EA99F0C-1FDF-4DD4-8F88-97E34F4BF807}.Release|Any CPU.Build.0 = Release|Any CPU
	EndGlobalSection
	GlobalSection(SolutionProperties) = preSolution
		HideSolutionNode = FALSE
	EndGlobalSection
	GlobalSection(ExtensibilityGlobals) = postSolution
		SolutionGuid = {D52DDAFF-5C4D-437E-A0D5-DB9A2F5EC32C}
	EndGlobalSection
EndGlobal
